
Microsoft Visual Studio Solution File, Format Version 12.00
# Visual Studio Version 16
VisualStudioVersion = 16.0.29509.3
MinimumVisualStudioVersion = 10.0.40219.1
Project("{FAE04EC0-301F-11D3-BF4B-00C04F79EFBC}") = "CRUD SQLITE", "CRUD SQLITE\CRUD SQLITE.csproj", "{BC3D69F8-BFA4-4A41-AB2D-954D20B4EB5E}"
EndProject
Global
	GlobalSection(SolutionConfigurationPlatforms) = preSolution
		Debug|Any CPU = Debug|Any CPU
		Release|Any CPU = Release|Any CPU
	EndGlobalSection
	GlobalSection(ProjectConfigurationPlatforms) = postSolution
		{BC3D69F8-BFA4-4A41-AB2D-954D20B4EB5E}.Debug|Any CPU.ActiveCfg = Debug|Any CPU
		{BC3D69F8-BFA4-4A41-AB2D-954D20B4EB5E}.Debug|Any CPU.Build.0 = Debug|Any CPU
		{BC3D69F8-BFA4-4A41-AB2D-954D20B4EB5E}.Release|Any CPU.ActiveCfg = Release|Any CPU
		{BC3D69F8-BFA4-4A41-AB2D-954D20B4EB5E}.Release|Any CPU.Build.0 = Release|Any CPU
	EndGlobalSection
	GlobalSection(SolutionProperties) = preSolution
		HideSolutionNode = FALSE
	EndGlobalSection
	GlobalSection(ExtensibilityGlobals) = postSolution
		SolutionGuid = {A5F3CC77-D140-4289-ACEA-2522F9F74504}
	EndGlobalSection
EndGlobal
